{
  "name": "parse-export-pending-chat-json",
  "version": "1.0.0",
  "lockfileVersion": 3,
  "requires": true,
  "packages": {
    "": {
      "name": "parse-export-pending-chat-json",
      "version": "1.0.0",
      "dependencies": {
        "copilot-chat-analyzer": "file:../../"
      }
    },
    "../..": {
      "version": "0.0.2",
      "license": "MIT",
      "dependencies": {
        "tsup": "^8.5.0"
      },
      "devDependencies": {
        "@types/jest": "^30.0.0",
        "@types/node": "^24.6.1",
        "jest": "^30.2.0",
        "ts-jest": "^29.4.4",
        "typescript": "~5.8.3",
        "vite": "^7.1.7"
      }
    },
    "node_modules/copilot-chat-analyzer": {
      "resolved": "../..",
      "link": true
    }
  }
}
