{
  "name": "parse-export-chat-json",
  "version": "1.0.0",
  "lockfileVersion": 3,
  "requires": true,
  "packages": {
    "": {
      "name": "parse-export-chat-json",
      "version": "1.0.0",
      "dependencies": {
        "copilot-chat-analyzer": "file:../../"
      }
    },
    "../..": {
      "version": "0.0.1",
      "dependencies": {
        "tsup": "^8.5.0"
      },
      "devDependencies": {
        "typescript": "~5.8.3",
        "vite": "^7.1.7"
      }
    },
    "node_modules/copilot-chat-analyzer": {
      "resolved": "../..",
      "link": true
    }
  }
}
